
Microsoft Visual Studio Solution File, Format Version 12.00
# Visual Studio Version 17
VisualStudioVersion = 17.4.33103.184
MinimumVisualStudioVersion = 10.0.40219.1
Project("{9A19103F-16F7-4668-BE54-9A1E7A4F7556}") = "BPIWebApplication.Server", "BPIWebApplication\Server\BPIWebApplication.Server.csproj", "{78691BD4-2C4B-4CC6-939F-32D3FC7152E4}"
EndProject
Project("{9A19103F-16F7-4668-BE54-9A1E7A4F7556}") = "BPIWebApplication.Client", "BPIWebApplication\Client\BPIWebApplication.Client.csproj", "{88C944EF-D36C-4B08-AC46-5A1F089858E2}"
EndProject
Project("{9A19103F-16F7-4668-BE54-9A1E7A4F7556}") = "BPIWebApplication.Shared", "BPIWebApplication\Shared\BPIWebApplication.Shared.csproj", "{2CA2B2CB-E444-4FE6-B6A0-73130C1B6856}"
EndProject
Project("{9A19103F-16F7-4668-BE54-9A1E7A4F7556}") = "BPIFacade", "BPIFacade\BPIFacade.csproj", "{06773818-66E2-46BB-A64D-26478DAD19A5}"
EndProject
Project("{9A19103F-16F7-4668-BE54-9A1E7A4F7556}") = "BPIBR", "BRBPI\BPIBR.csproj", "{E0D47B48-A71A-4D24-A795-0D5539E74958}"
EndProject
Project("{9A19103F-16F7-4668-BE54-9A1E7A4F7556}") = "BPIDA", "DABPI\BPIDA.csproj", "{8F213E2A-203B-4536-BEE2-7F99D9FF62F9}"
EndProject
Project("{9A19103F-16F7-4668-BE54-9A1E7A4F7556}") = "BPILibrary", "BPILibrary\BPILibrary.csproj", "{17F68539-8B86-4665-8B0D-A9F398E36288}"
EndProject
Global
	GlobalSection(SolutionConfigurationPlatforms) = preSolution
		Debug|Any CPU = Debug|Any CPU
		Release|Any CPU = Release|Any CPU
	EndGlobalSection
	GlobalSection(ProjectConfigurationPlatforms) = postSolution
		{78691BD4-2C4B-4CC6-939F-32D3FC7152E4}.Debug|Any CPU.ActiveCfg = Debug|Any CPU
		{78691BD4-2C4B-4CC6-939F-32D3FC7152E4}.Debug|Any CPU.Build.0 = Debug|Any CPU
		{78691BD4-2C4B-4CC6-939F-32D3FC7152E4}.Release|Any CPU.ActiveCfg = Release|Any CPU
		{78691BD4-2C4B-4CC6-939F-32D3FC7152E4}.Release|Any CPU.Build.0 = Release|Any CPU
		{88C944EF-D36C-4B08-AC46-5A1F089858E2}.Debug|Any CPU.ActiveCfg = Debug|Any CPU
		{88C944EF-D36C-4B08-AC46-5A1F089858E2}.Debug|Any CPU.Build.0 = Debug|Any CPU
		{88C944EF-D36C-4B08-AC46-5A1F089858E2}.Release|Any CPU.ActiveCfg = Release|Any CPU
		{88C944EF-D36C-4B08-AC46-5A1F089858E2}.Release|Any CPU.Build.0 = Release|Any CPU
		{2CA2B2CB-E444-4FE6-B6A0-73130C1B6856}.Debug|Any CPU.ActiveCfg = Debug|Any CPU
		{2CA2B2CB-E444-4FE6-B6A0-73130C1B6856}.Debug|Any CPU.Build.0 = Debug|Any CPU
		{2CA2B2CB-E444-4FE6-B6A0-73130C1B6856}.Release|Any CPU.ActiveCfg = Release|Any CPU
		{2CA2B2CB-E444-4FE6-B6A0-73130C1B6856}.Release|Any CPU.Build.0 = Release|Any CPU
		{06773818-66E2-46BB-A64D-26478DAD19A5}.Debug|Any CPU.ActiveCfg = Debug|Any CPU
		{06773818-66E2-46BB-A64D-26478DAD19A5}.Debug|Any CPU.Build.0 = Debug|Any CPU
		{06773818-66E2-46BB-A64D-26478DAD19A5}.Release|Any CPU.ActiveCfg = Release|Any CPU
		{06773818-66E2-46BB-A64D-26478DAD19A5}.Release|Any CPU.Build.0 = Release|Any CPU
		{E0D47B48-A71A-4D24-A795-0D5539E74958}.Debug|Any CPU.ActiveCfg = Debug|Any CPU
		{E0D47B48-A71A-4D24-A795-0D5539E74958}.Debug|Any CPU.Build.0 = Debug|Any CPU
		{E0D47B48-A71A-4D24-A795-0D5539E74958}.Release|Any CPU.ActiveCfg = Release|Any CPU
		{E0D47B48-A71A-4D24-A795-0D5539E74958}.Release|Any CPU.Build.0 = Release|Any CPU
		{8F213E2A-203B-4536-BEE2-7F99D9FF62F9}.Debug|Any CPU.ActiveCfg = Debug|Any CPU
		{8F213E2A-203B-4536-BEE2-7F99D9FF62F9}.Debug|Any CPU.Build.0 = Debug|Any CPU
		{8F213E2A-203B-4536-BEE2-7F99D9FF62F9}.Release|Any CPU.ActiveCfg = Release|Any CPU
		{8F213E2A-203B-4536-BEE2-7F99D9FF62F9}.Release|Any CPU.Build.0 = Release|Any CPU
		{17F68539-8B86-4665-8B0D-A9F398E36288}.Debug|Any CPU.ActiveCfg = Debug|Any CPU
		{17F68539-8B86-4665-8B0D-A9F398E36288}.Debug|Any CPU.Build.0 = Debug|Any CPU
		{17F68539-8B86-4665-8B0D-A9F398E36288}.Release|Any CPU.ActiveCfg = Release|Any CPU
		{17F68539-8B86-4665-8B0D-A9F398E36288}.Release|Any CPU.Build.0 = Release|Any CPU
	EndGlobalSection
	GlobalSection(SolutionProperties) = preSolution
		HideSolutionNode = FALSE
	EndGlobalSection
	GlobalSection(ExtensibilityGlobals) = postSolution
		SolutionGuid = {7DC284BD-2CAE-45E7-B61F-60900707A123}
	EndGlobalSection
EndGlobal
